
Microsoft Visual Studio Solution File, Format Version 12.00
# Visual Studio Version 16
VisualStudioVersion = 16.0.30509.190
MinimumVisualStudioVersion = 10.0.40219.1
Project("{2150E333-8FDC-42A3-9474-1A3956D46DE8}") = "Test", "Test", "{C5CDFA52-7974-4219-B903-6001444B98E3}"
EndProject
Project("{9A19103F-16F7-4668-BE54-9A1E7A4F7556}") = "Playground", "Playground\Playground.csproj", "{2FCD2880-2918-4D6A-AA3F-AA5D822711F2}"
EndProject
Project("{2150E333-8FDC-42A3-9474-1A3956D46DE8}") = "Extern", "Extern", "{466DDF81-2050-49E4-8489-B1B474881B49}"
EndProject
Project("{9A19103F-16F7-4668-BE54-9A1E7A4F7556}") = "TextAdventures.WorldBuilder", "TextAdventures.WorldBuilder\TextAdventures.WorldBuilder.csproj", "{0F314B25-D668-4B16-B46D-1EB1B56DCFF0}"
EndProject
Project("{9A19103F-16F7-4668-BE54-9A1E7A4F7556}") = "TextAdventures.Engines", "TextAdventures.Engines\TextAdventures.Engines.csproj", "{6385961A-ED4C-422C-85FD-DC69F42ADEC4}"
EndProject
Project("{9A19103F-16F7-4668-BE54-9A1E7A4F7556}") = "Tauron.Application.Common", "..\..\Tauron.Application.Common\Tauron.Application.Common.csproj", "{B4E8C3A4-8035-48E8-9386-31D621A738E5}"
EndProject
Project("{9A19103F-16F7-4668-BE54-9A1E7A4F7556}") = "Akkatecture", "..\..\Akkatecture\Akkatecture.csproj", "{062F6684-8D57-47BF-B162-33C5558D7136}"
EndProject
Project("{2150E333-8FDC-42A3-9474-1A3956D46DE8}") = "Solution Items", "Solution Items", "{0075C658-A3A9-4368-ABF8-2796F23CE154}"
	ProjectSection(SolutionItems) = preProject
		TODO.txt = TODO.txt
	EndProjectSection
EndProject
Global
	GlobalSection(SolutionConfigurationPlatforms) = preSolution
		Debug|Any CPU = Debug|Any CPU
		Release|Any CPU = Release|Any CPU
	EndGlobalSection
	GlobalSection(ProjectConfigurationPlatforms) = postSolution
		{2FCD2880-2918-4D6A-AA3F-AA5D822711F2}.Debug|Any CPU.ActiveCfg = Debug|Any CPU
		{2FCD2880-2918-4D6A-AA3F-AA5D822711F2}.Debug|Any CPU.Build.0 = Debug|Any CPU
		{2FCD2880-2918-4D6A-AA3F-AA5D822711F2}.Release|Any CPU.ActiveCfg = Release|Any CPU
		{2FCD2880-2918-4D6A-AA3F-AA5D822711F2}.Release|Any CPU.Build.0 = Release|Any CPU
		{0F314B25-D668-4B16-B46D-1EB1B56DCFF0}.Debug|Any CPU.ActiveCfg = Debug|Any CPU
		{0F314B25-D668-4B16-B46D-1EB1B56DCFF0}.Debug|Any CPU.Build.0 = Debug|Any CPU
		{0F314B25-D668-4B16-B46D-1EB1B56DCFF0}.Release|Any CPU.ActiveCfg = Release|Any CPU
		{0F314B25-D668-4B16-B46D-1EB1B56DCFF0}.Release|Any CPU.Build.0 = Release|Any CPU
		{6385961A-ED4C-422C-85FD-DC69F42ADEC4}.Debug|Any CPU.ActiveCfg = Debug|Any CPU
		{6385961A-ED4C-422C-85FD-DC69F42ADEC4}.Debug|Any CPU.Build.0 = Debug|Any CPU
		{6385961A-ED4C-422C-85FD-DC69F42ADEC4}.Release|Any CPU.ActiveCfg = Release|Any CPU
		{6385961A-ED4C-422C-85FD-DC69F42ADEC4}.Release|Any CPU.Build.0 = Release|Any CPU
		{B4E8C3A4-8035-48E8-9386-31D621A738E5}.Debug|Any CPU.ActiveCfg = Debug|Any CPU
		{B4E8C3A4-8035-48E8-9386-31D621A738E5}.Debug|Any CPU.Build.0 = Debug|Any CPU
		{B4E8C3A4-8035-48E8-9386-31D621A738E5}.Release|Any CPU.ActiveCfg = Release|Any CPU
		{B4E8C3A4-8035-48E8-9386-31D621A738E5}.Release|Any CPU.Build.0 = Release|Any CPU
		{062F6684-8D57-47BF-B162-33C5558D7136}.Debug|Any CPU.ActiveCfg = Debug|Any CPU
		{062F6684-8D57-47BF-B162-33C5558D7136}.Debug|Any CPU.Build.0 = Debug|Any CPU
		{062F6684-8D57-47BF-B162-33C5558D7136}.Release|Any CPU.ActiveCfg = Release|Any CPU
		{062F6684-8D57-47BF-B162-33C5558D7136}.Release|Any CPU.Build.0 = Release|Any CPU
	EndGlobalSection
	GlobalSection(SolutionProperties) = preSolution
		HideSolutionNode = FALSE
	EndGlobalSection
	GlobalSection(NestedProjects) = preSolution
		{2FCD2880-2918-4D6A-AA3F-AA5D822711F2} = {C5CDFA52-7974-4219-B903-6001444B98E3}
		{B4E8C3A4-8035-48E8-9386-31D621A738E5} = {466DDF81-2050-49E4-8489-B1B474881B49}
		{062F6684-8D57-47BF-B162-33C5558D7136} = {466DDF81-2050-49E4-8489-B1B474881B49}
	EndGlobalSection
	GlobalSection(ExtensibilityGlobals) = postSolution
		SolutionGuid = {1E01EB3F-480B-47D1-ADF1-F830E279C7F7}
	EndGlobalSection
EndGlobal
