
Microsoft Visual Studio Solution File, Format Version 12.00
# Visual Studio Version 16
VisualStudioVersion = 16.0.30509.190
MinimumVisualStudioVersion = 10.0.40219.1
Project("{2150E333-8FDC-42A3-9474-1A3956D46DE8}") = "Test", "Test", "{C5CDFA52-7974-4219-B903-6001444B98E3}"
EndProject
Project("{9A19103F-16F7-4668-BE54-9A1E7A4F7556}") = "Playground", "Playground\Playground.csproj", "{2FCD2880-2918-4D6A-AA3F-AA5D822711F2}"
EndProject
Project("{9A19103F-16F7-4668-BE54-9A1E7A4F7556}") = "TextAdventures.WorldBuilder", "TextAdventures.WorldBuilder\TextAdventures.WorldBuilder.csproj", "{0F314B25-D668-4B16-B46D-1EB1B56DCFF0}"
EndProject
Project("{9A19103F-16F7-4668-BE54-9A1E7A4F7556}") = "TextAdventures.Engines", "TextAdventures.Engines\TextAdventures.Engines.csproj", "{6385961A-ED4C-422C-85FD-DC69F42ADEC4}"
EndProject
Project("{2150E333-8FDC-42A3-9474-1A3956D46DE8}") = "Solution Items", "Solution Items", "{0075C658-A3A9-4368-ABF8-2796F23CE154}"
	ProjectSection(SolutionItems) = preProject
		Intresting.txt = Intresting.txt
		TODO.txt = TODO.txt
	EndProjectSection
EndProject
Project("{9A19103F-16F7-4668-BE54-9A1E7A4F7556}") = "Adventure.Ui", "Adventure.Ui\Adventure.Ui.csproj", "{7119A92D-D399-48DD-8DE7-B26E0A604373}"
EndProject
Project("{9A19103F-16F7-4668-BE54-9A1E7A4F7556}") = "TextAdventure", "TextAdventure\TextAdventure.csproj", "{02321C1E-37C6-4511-946C-D24616B2118C}"
EndProject
Project("{9A19103F-16F7-4668-BE54-9A1E7A4F7556}") = "TestApp", "TestApp\TestApp.csproj", "{3CC9ADF8-D906-4556-ACBB-BC4ED4566C72}"
EndProject
Project("{2150E333-8FDC-42A3-9474-1A3956D46DE8}") = "Apps", "Apps", "{1293960C-4B6A-46FF-B433-CE2C4BEA8470}"
EndProject
Project("{2150E333-8FDC-42A3-9474-1A3956D46DE8}") = "Runner", "Runner", "{2D4FA1B8-2146-462F-87E4-B2530A50F117}"
EndProject
Project("{2150E333-8FDC-42A3-9474-1A3956D46DE8}") = "Editor", "Editor", "{395BB8AA-B8D8-4F8F-8A9F-DD6BD6563826}"
EndProject
Project("{9A19103F-16F7-4668-BE54-9A1E7A4F7556}") = "TextAdventure.Editor", "TextAdventure.Editor\TextAdventure.Editor.csproj", "{68058F54-FE40-4923-AD25-CED8A66D066D}"
EndProject
Project("{2150E333-8FDC-42A3-9474-1A3956D46DE8}") = "Extern", "Extern", "{B61A593F-ED3A-4501-9A07-B7591F66DA16}"
EndProject
Project("{9A19103F-16F7-4668-BE54-9A1E7A4F7556}") = "Tauron.Application.Common", "Extern\Tauron.Application.Common\Tauron.Application.Common.csproj", "{40FFE317-D05F-4E4D-9A7A-529B265FDA50}"
EndProject
Project("{9A19103F-16F7-4668-BE54-9A1E7A4F7556}") = "Tauron.Application.Logging", "Extern\Tauron.Application.Logging\Tauron.Application.Logging.csproj", "{1FFF441B-6C6A-473F-969E-E3AD7CA2D99A}"
EndProject
Project("{9A19103F-16F7-4668-BE54-9A1E7A4F7556}") = "Tauron.Application.Settings", "Extern\Tauron.Application.Settings\Tauron.Application.Settings.csproj", "{BDD8C5E3-1916-4CF5-83F2-3F9EC88886F9}"
EndProject
Project("{9A19103F-16F7-4668-BE54-9A1E7A4F7556}") = "Tauron.Application.Workshop", "Extern\Tauron.Application.Workshop\Tauron.Application.Workshop.csproj", "{F41FA104-F449-499D-9269-CDBB63E19429}"
EndProject
Project("{9A19103F-16F7-4668-BE54-9A1E7A4F7556}") = "Tauron.Application.Wpf", "Extern\Tauron.Application.Wpf\Tauron.Application.Wpf.csproj", "{092FB35A-9362-4C80-8952-9B4BF28B436D}"
EndProject
Project("{9A19103F-16F7-4668-BE54-9A1E7A4F7556}") = "Tauron.Application.CommonUI", "..\Extern\TextAdventure3\Tauron.Application.CommonUI\Tauron.Application.CommonUI.csproj", "{C8B76E13-4DAF-4410-A4E9-4B34E0F0779F}"
EndProject
Project("{9A19103F-16F7-4668-BE54-9A1E7A4F7556}") = "Tauron.Application.Avalonia", "..\Extern\TextAdventure3\Tauron.Application.Avalonia\Tauron.Application.Avalonia.csproj", "{64694FED-FB37-4DF8-A245-1050AA83677B}"
EndProject
Project("{2150E333-8FDC-42A3-9474-1A3956D46DE8}") = "UI", "UI", "{074E364F-BEBA-4D90-B14B-98BB9B5CDB1C}"
EndProject
Project("{2150E333-8FDC-42A3-9474-1A3956D46DE8}") = "Old", "Old", "{69F369D7-DAD0-4FC7-A2B3-212DACCF19F4}"
EndProject
Project("{9A19103F-16F7-4668-BE54-9A1E7A4F7556}") = "alt", "alt\alt.csproj", "{DED6FB31-77F7-4C6F-9304-D3ED0978CC17}"
EndProject
Project("{2150E333-8FDC-42A3-9474-1A3956D46DE8}") = "Xamarin", "Xamarin", "{6DA13CDE-3EEE-49C7-9C22-4B9C9A7EB8BE}"
EndProject
Global
	GlobalSection(SolutionConfigurationPlatforms) = preSolution
		Debug|Any CPU = Debug|Any CPU
		Release|Any CPU = Release|Any CPU
	EndGlobalSection
	GlobalSection(ProjectConfigurationPlatforms) = postSolution
		{2FCD2880-2918-4D6A-AA3F-AA5D822711F2}.Debug|Any CPU.ActiveCfg = Debug|Any CPU
		{2FCD2880-2918-4D6A-AA3F-AA5D822711F2}.Debug|Any CPU.Build.0 = Debug|Any CPU
		{2FCD2880-2918-4D6A-AA3F-AA5D822711F2}.Release|Any CPU.ActiveCfg = Release|Any CPU
		{2FCD2880-2918-4D6A-AA3F-AA5D822711F2}.Release|Any CPU.Build.0 = Release|Any CPU
		{0F314B25-D668-4B16-B46D-1EB1B56DCFF0}.Debug|Any CPU.ActiveCfg = Debug|Any CPU
		{0F314B25-D668-4B16-B46D-1EB1B56DCFF0}.Debug|Any CPU.Build.0 = Debug|Any CPU
		{0F314B25-D668-4B16-B46D-1EB1B56DCFF0}.Release|Any CPU.ActiveCfg = Release|Any CPU
		{0F314B25-D668-4B16-B46D-1EB1B56DCFF0}.Release|Any CPU.Build.0 = Release|Any CPU
		{6385961A-ED4C-422C-85FD-DC69F42ADEC4}.Debug|Any CPU.ActiveCfg = Debug|Any CPU
		{6385961A-ED4C-422C-85FD-DC69F42ADEC4}.Debug|Any CPU.Build.0 = Debug|Any CPU
		{6385961A-ED4C-422C-85FD-DC69F42ADEC4}.Release|Any CPU.ActiveCfg = Release|Any CPU
		{6385961A-ED4C-422C-85FD-DC69F42ADEC4}.Release|Any CPU.Build.0 = Release|Any CPU
		{7119A92D-D399-48DD-8DE7-B26E0A604373}.Debug|Any CPU.ActiveCfg = Debug|Any CPU
		{7119A92D-D399-48DD-8DE7-B26E0A604373}.Debug|Any CPU.Build.0 = Debug|Any CPU
		{7119A92D-D399-48DD-8DE7-B26E0A604373}.Release|Any CPU.ActiveCfg = Release|Any CPU
		{7119A92D-D399-48DD-8DE7-B26E0A604373}.Release|Any CPU.Build.0 = Release|Any CPU
		{02321C1E-37C6-4511-946C-D24616B2118C}.Debug|Any CPU.ActiveCfg = Debug|Any CPU
		{02321C1E-37C6-4511-946C-D24616B2118C}.Debug|Any CPU.Build.0 = Debug|Any CPU
		{02321C1E-37C6-4511-946C-D24616B2118C}.Release|Any CPU.ActiveCfg = Release|Any CPU
		{02321C1E-37C6-4511-946C-D24616B2118C}.Release|Any CPU.Build.0 = Release|Any CPU
		{3CC9ADF8-D906-4556-ACBB-BC4ED4566C72}.Debug|Any CPU.ActiveCfg = Debug|Any CPU
		{3CC9ADF8-D906-4556-ACBB-BC4ED4566C72}.Debug|Any CPU.Build.0 = Debug|Any CPU
		{3CC9ADF8-D906-4556-ACBB-BC4ED4566C72}.Release|Any CPU.ActiveCfg = Release|Any CPU
		{3CC9ADF8-D906-4556-ACBB-BC4ED4566C72}.Release|Any CPU.Build.0 = Release|Any CPU
		{68058F54-FE40-4923-AD25-CED8A66D066D}.Debug|Any CPU.ActiveCfg = Debug|Any CPU
		{68058F54-FE40-4923-AD25-CED8A66D066D}.Debug|Any CPU.Build.0 = Debug|Any CPU
		{68058F54-FE40-4923-AD25-CED8A66D066D}.Release|Any CPU.ActiveCfg = Release|Any CPU
		{68058F54-FE40-4923-AD25-CED8A66D066D}.Release|Any CPU.Build.0 = Release|Any CPU
		{40FFE317-D05F-4E4D-9A7A-529B265FDA50}.Debug|Any CPU.ActiveCfg = Debug|Any CPU
		{40FFE317-D05F-4E4D-9A7A-529B265FDA50}.Debug|Any CPU.Build.0 = Debug|Any CPU
		{40FFE317-D05F-4E4D-9A7A-529B265FDA50}.Release|Any CPU.ActiveCfg = Release|Any CPU
		{40FFE317-D05F-4E4D-9A7A-529B265FDA50}.Release|Any CPU.Build.0 = Release|Any CPU
		{1FFF441B-6C6A-473F-969E-E3AD7CA2D99A}.Debug|Any CPU.ActiveCfg = Debug|Any CPU
		{1FFF441B-6C6A-473F-969E-E3AD7CA2D99A}.Debug|Any CPU.Build.0 = Debug|Any CPU
		{1FFF441B-6C6A-473F-969E-E3AD7CA2D99A}.Release|Any CPU.ActiveCfg = Release|Any CPU
		{1FFF441B-6C6A-473F-969E-E3AD7CA2D99A}.Release|Any CPU.Build.0 = Release|Any CPU
		{BDD8C5E3-1916-4CF5-83F2-3F9EC88886F9}.Debug|Any CPU.ActiveCfg = Debug|Any CPU
		{BDD8C5E3-1916-4CF5-83F2-3F9EC88886F9}.Debug|Any CPU.Build.0 = Debug|Any CPU
		{BDD8C5E3-1916-4CF5-83F2-3F9EC88886F9}.Release|Any CPU.ActiveCfg = Release|Any CPU
		{BDD8C5E3-1916-4CF5-83F2-3F9EC88886F9}.Release|Any CPU.Build.0 = Release|Any CPU
		{F41FA104-F449-499D-9269-CDBB63E19429}.Debug|Any CPU.ActiveCfg = Debug|Any CPU
		{F41FA104-F449-499D-9269-CDBB63E19429}.Debug|Any CPU.Build.0 = Debug|Any CPU
		{F41FA104-F449-499D-9269-CDBB63E19429}.Release|Any CPU.ActiveCfg = Release|Any CPU
		{F41FA104-F449-499D-9269-CDBB63E19429}.Release|Any CPU.Build.0 = Release|Any CPU
		{092FB35A-9362-4C80-8952-9B4BF28B436D}.Debug|Any CPU.ActiveCfg = Debug|Any CPU
		{092FB35A-9362-4C80-8952-9B4BF28B436D}.Debug|Any CPU.Build.0 = Debug|Any CPU
		{092FB35A-9362-4C80-8952-9B4BF28B436D}.Release|Any CPU.ActiveCfg = Release|Any CPU
		{092FB35A-9362-4C80-8952-9B4BF28B436D}.Release|Any CPU.Build.0 = Release|Any CPU
		{C8B76E13-4DAF-4410-A4E9-4B34E0F0779F}.Debug|Any CPU.ActiveCfg = Debug|Any CPU
		{C8B76E13-4DAF-4410-A4E9-4B34E0F0779F}.Debug|Any CPU.Build.0 = Debug|Any CPU
		{C8B76E13-4DAF-4410-A4E9-4B34E0F0779F}.Release|Any CPU.ActiveCfg = Release|Any CPU
		{C8B76E13-4DAF-4410-A4E9-4B34E0F0779F}.Release|Any CPU.Build.0 = Release|Any CPU
		{64694FED-FB37-4DF8-A245-1050AA83677B}.Debug|Any CPU.ActiveCfg = Debug|Any CPU
		{64694FED-FB37-4DF8-A245-1050AA83677B}.Debug|Any CPU.Build.0 = Debug|Any CPU
		{64694FED-FB37-4DF8-A245-1050AA83677B}.Release|Any CPU.ActiveCfg = Release|Any CPU
		{64694FED-FB37-4DF8-A245-1050AA83677B}.Release|Any CPU.Build.0 = Release|Any CPU
		{DED6FB31-77F7-4C6F-9304-D3ED0978CC17}.Debug|Any CPU.ActiveCfg = Debug|Any CPU
		{DED6FB31-77F7-4C6F-9304-D3ED0978CC17}.Debug|Any CPU.Build.0 = Debug|Any CPU
		{DED6FB31-77F7-4C6F-9304-D3ED0978CC17}.Release|Any CPU.ActiveCfg = Release|Any CPU
		{DED6FB31-77F7-4C6F-9304-D3ED0978CC17}.Release|Any CPU.Build.0 = Release|Any CPU
	EndGlobalSection
	GlobalSection(SolutionProperties) = preSolution
		HideSolutionNode = FALSE
	EndGlobalSection
	GlobalSection(NestedProjects) = preSolution
		{2FCD2880-2918-4D6A-AA3F-AA5D822711F2} = {C5CDFA52-7974-4219-B903-6001444B98E3}
		{7119A92D-D399-48DD-8DE7-B26E0A604373} = {2D4FA1B8-2146-462F-87E4-B2530A50F117}
		{02321C1E-37C6-4511-946C-D24616B2118C} = {2D4FA1B8-2146-462F-87E4-B2530A50F117}
		{3CC9ADF8-D906-4556-ACBB-BC4ED4566C72} = {C5CDFA52-7974-4219-B903-6001444B98E3}
		{2D4FA1B8-2146-462F-87E4-B2530A50F117} = {1293960C-4B6A-46FF-B433-CE2C4BEA8470}
		{395BB8AA-B8D8-4F8F-8A9F-DD6BD6563826} = {1293960C-4B6A-46FF-B433-CE2C4BEA8470}
		{68058F54-FE40-4923-AD25-CED8A66D066D} = {395BB8AA-B8D8-4F8F-8A9F-DD6BD6563826}
		{40FFE317-D05F-4E4D-9A7A-529B265FDA50} = {B61A593F-ED3A-4501-9A07-B7591F66DA16}
		{1FFF441B-6C6A-473F-969E-E3AD7CA2D99A} = {B61A593F-ED3A-4501-9A07-B7591F66DA16}
		{BDD8C5E3-1916-4CF5-83F2-3F9EC88886F9} = {B61A593F-ED3A-4501-9A07-B7591F66DA16}
		{F41FA104-F449-499D-9269-CDBB63E19429} = {B61A593F-ED3A-4501-9A07-B7591F66DA16}
		{092FB35A-9362-4C80-8952-9B4BF28B436D} = {074E364F-BEBA-4D90-B14B-98BB9B5CDB1C}
		{C8B76E13-4DAF-4410-A4E9-4B34E0F0779F} = {074E364F-BEBA-4D90-B14B-98BB9B5CDB1C}
		{64694FED-FB37-4DF8-A245-1050AA83677B} = {074E364F-BEBA-4D90-B14B-98BB9B5CDB1C}
		{074E364F-BEBA-4D90-B14B-98BB9B5CDB1C} = {B61A593F-ED3A-4501-9A07-B7591F66DA16}
		{69F369D7-DAD0-4FC7-A2B3-212DACCF19F4} = {B61A593F-ED3A-4501-9A07-B7591F66DA16}
		{DED6FB31-77F7-4C6F-9304-D3ED0978CC17} = {69F369D7-DAD0-4FC7-A2B3-212DACCF19F4}
		{6DA13CDE-3EEE-49C7-9C22-4B9C9A7EB8BE} = {C5CDFA52-7974-4219-B903-6001444B98E3}
	EndGlobalSection
	GlobalSection(ExtensibilityGlobals) = postSolution
		SolutionGuid = {1E01EB3F-480B-47D1-ADF1-F830E279C7F7}
	EndGlobalSection
EndGlobal
