
Microsoft Visual Studio Solution File, Format Version 12.00
# Visual Studio Version 16
VisualStudioVersion = 16.0.30404.54
MinimumVisualStudioVersion = 10.0.40219.1
Project("{9A19103F-16F7-4668-BE54-9A1E7A4F7556}") = "TextAdventure", "TextAdventure\TextAdventure.csproj", "{BADA8759-8F96-4161-80B4-815DB6226FAC}"
EndProject
Project("{2150E333-8FDC-42A3-9474-1A3956D46DE8}") = "Engine", "Engine", "{E54E25CC-AA7E-4DE7-82F9-FE5585E2E432}"
EndProject
Project("{9A19103F-16F7-4668-BE54-9A1E7A4F7556}") = "FluentBehaviourTree", "FluentBehaviourTree\FluentBehaviourTree.csproj", "{0C33108E-14DE-4FF3-BF56-F6BC2AD2FF2E}"
EndProject
Project("{9A19103F-16F7-4668-BE54-9A1E7A4F7556}") = "Adventure.Utilities", "Adventure.Utilities\Adventure.Utilities.csproj", "{8F2ED087-E9A9-4D3F-8EB7-3D6C178CBE2C}"
EndProject
Project("{9A19103F-16F7-4668-BE54-9A1E7A4F7556}") = "Adventure.TextProcessing", "Adventure.TextProcessing\Adventure.TextProcessing.csproj", "{0A1A8128-B7F5-4AE4-973C-A402FEA42D3A}"
EndProject
Project("{9A19103F-16F7-4668-BE54-9A1E7A4F7556}") = "Adventure.GameEngine", "Adventure.GameEngine\Adventure.GameEngine.csproj", "{73D6EAD1-5296-4DF1-AB6A-64850D2A55C4}"
EndProject
Project("{2150E333-8FDC-42A3-9474-1A3956D46DE8}") = "Temp", "Temp", "{3E7D5166-0AEB-4862-B3B5-DE34D35F3CC1}"
EndProject
Project("{9A19103F-16F7-4668-BE54-9A1E7A4F7556}") = "Temp1", "Temp1\Temp1.csproj", "{D5AB388D-AFE6-4278-8D1F-EE5E53F59BB2}"
EndProject
Project("{FAE04EC0-301F-11D3-BF4B-00C04F79EFBC}") = "Adventure.Ui", "Adventure.Ui\Adventure.Ui.csproj", "{211031B6-6E73-468F-880B-44D675E62052}"
EndProject
Global
	GlobalSection(SolutionConfigurationPlatforms) = preSolution
		Debug|Any CPU = Debug|Any CPU
		Release|Any CPU = Release|Any CPU
	EndGlobalSection
	GlobalSection(ProjectConfigurationPlatforms) = postSolution
		{BADA8759-8F96-4161-80B4-815DB6226FAC}.Debug|Any CPU.ActiveCfg = Debug|Any CPU
		{BADA8759-8F96-4161-80B4-815DB6226FAC}.Debug|Any CPU.Build.0 = Debug|Any CPU
		{BADA8759-8F96-4161-80B4-815DB6226FAC}.Release|Any CPU.ActiveCfg = Release|Any CPU
		{BADA8759-8F96-4161-80B4-815DB6226FAC}.Release|Any CPU.Build.0 = Release|Any CPU
		{0C33108E-14DE-4FF3-BF56-F6BC2AD2FF2E}.Debug|Any CPU.ActiveCfg = Debug|Any CPU
		{0C33108E-14DE-4FF3-BF56-F6BC2AD2FF2E}.Debug|Any CPU.Build.0 = Debug|Any CPU
		{0C33108E-14DE-4FF3-BF56-F6BC2AD2FF2E}.Release|Any CPU.ActiveCfg = Release|Any CPU
		{0C33108E-14DE-4FF3-BF56-F6BC2AD2FF2E}.Release|Any CPU.Build.0 = Release|Any CPU
		{8F2ED087-E9A9-4D3F-8EB7-3D6C178CBE2C}.Debug|Any CPU.ActiveCfg = Debug|Any CPU
		{8F2ED087-E9A9-4D3F-8EB7-3D6C178CBE2C}.Debug|Any CPU.Build.0 = Debug|Any CPU
		{8F2ED087-E9A9-4D3F-8EB7-3D6C178CBE2C}.Release|Any CPU.ActiveCfg = Release|Any CPU
		{8F2ED087-E9A9-4D3F-8EB7-3D6C178CBE2C}.Release|Any CPU.Build.0 = Release|Any CPU
		{0A1A8128-B7F5-4AE4-973C-A402FEA42D3A}.Debug|Any CPU.ActiveCfg = Debug|Any CPU
		{0A1A8128-B7F5-4AE4-973C-A402FEA42D3A}.Debug|Any CPU.Build.0 = Debug|Any CPU
		{0A1A8128-B7F5-4AE4-973C-A402FEA42D3A}.Release|Any CPU.ActiveCfg = Release|Any CPU
		{0A1A8128-B7F5-4AE4-973C-A402FEA42D3A}.Release|Any CPU.Build.0 = Release|Any CPU
		{73D6EAD1-5296-4DF1-AB6A-64850D2A55C4}.Debug|Any CPU.ActiveCfg = Debug|Any CPU
		{73D6EAD1-5296-4DF1-AB6A-64850D2A55C4}.Debug|Any CPU.Build.0 = Debug|Any CPU
		{73D6EAD1-5296-4DF1-AB6A-64850D2A55C4}.Release|Any CPU.ActiveCfg = Release|Any CPU
		{73D6EAD1-5296-4DF1-AB6A-64850D2A55C4}.Release|Any CPU.Build.0 = Release|Any CPU
		{D5AB388D-AFE6-4278-8D1F-EE5E53F59BB2}.Debug|Any CPU.ActiveCfg = Debug|Any CPU
		{D5AB388D-AFE6-4278-8D1F-EE5E53F59BB2}.Debug|Any CPU.Build.0 = Debug|Any CPU
		{D5AB388D-AFE6-4278-8D1F-EE5E53F59BB2}.Release|Any CPU.ActiveCfg = Release|Any CPU
		{D5AB388D-AFE6-4278-8D1F-EE5E53F59BB2}.Release|Any CPU.Build.0 = Release|Any CPU
		{211031B6-6E73-468F-880B-44D675E62052}.Debug|Any CPU.ActiveCfg = Debug|Any CPU
		{211031B6-6E73-468F-880B-44D675E62052}.Debug|Any CPU.Build.0 = Debug|Any CPU
		{211031B6-6E73-468F-880B-44D675E62052}.Release|Any CPU.ActiveCfg = Release|Any CPU
		{211031B6-6E73-468F-880B-44D675E62052}.Release|Any CPU.Build.0 = Release|Any CPU
	EndGlobalSection
	GlobalSection(SolutionProperties) = preSolution
		HideSolutionNode = FALSE
	EndGlobalSection
	GlobalSection(NestedProjects) = preSolution
		{0C33108E-14DE-4FF3-BF56-F6BC2AD2FF2E} = {E54E25CC-AA7E-4DE7-82F9-FE5585E2E432}
		{8F2ED087-E9A9-4D3F-8EB7-3D6C178CBE2C} = {E54E25CC-AA7E-4DE7-82F9-FE5585E2E432}
		{0A1A8128-B7F5-4AE4-973C-A402FEA42D3A} = {E54E25CC-AA7E-4DE7-82F9-FE5585E2E432}
		{73D6EAD1-5296-4DF1-AB6A-64850D2A55C4} = {E54E25CC-AA7E-4DE7-82F9-FE5585E2E432}
		{D5AB388D-AFE6-4278-8D1F-EE5E53F59BB2} = {3E7D5166-0AEB-4862-B3B5-DE34D35F3CC1}
		{211031B6-6E73-468F-880B-44D675E62052} = {E54E25CC-AA7E-4DE7-82F9-FE5585E2E432}
	EndGlobalSection
	GlobalSection(ExtensibilityGlobals) = postSolution
		SolutionGuid = {77F22F45-1679-443A-A14E-FBBF6C779DCC}
	EndGlobalSection
EndGlobal
